
Microsoft Visual Studio Solution File, Format Version 12.00
# Visual Studio Version 16
VisualStudioVersion = 16.0.29905.134
MinimumVisualStudioVersion = 10.0.40219.1
Project("{FAE04EC0-301F-11D3-BF4B-00C04F79EFBC}") = "IO.Swagger", "IO.Swagger\IO.Swagger.csproj", "{7FE1C247-6FB5-413C-B24C-FCAE3DC1BD14}"
EndProject
Project("{FAE04EC0-301F-11D3-BF4B-00C04F79EFBC}") = "ExampleARXivarNext", "ExampleARXivarNext\ExampleARXivarNext.csproj", "{CF1402ED-10A4-4647-A348-B09ECB9FBCE6}"
EndProject
Global
	GlobalSection(SolutionConfigurationPlatforms) = preSolution
		Debug|Any CPU = Debug|Any CPU
		Release|Any CPU = Release|Any CPU
	EndGlobalSection
	GlobalSection(ProjectConfigurationPlatforms) = postSolution
		{7FE1C247-6FB5-413C-B24C-FCAE3DC1BD14}.Debug|Any CPU.ActiveCfg = Debug|Any CPU
		{7FE1C247-6FB5-413C-B24C-FCAE3DC1BD14}.Debug|Any CPU.Build.0 = Debug|Any CPU
		{7FE1C247-6FB5-413C-B24C-FCAE3DC1BD14}.Release|Any CPU.ActiveCfg = Release|Any CPU
		{7FE1C247-6FB5-413C-B24C-FCAE3DC1BD14}.Release|Any CPU.Build.0 = Release|Any CPU
		{CF1402ED-10A4-4647-A348-B09ECB9FBCE6}.Debug|Any CPU.ActiveCfg = Debug|Any CPU
		{CF1402ED-10A4-4647-A348-B09ECB9FBCE6}.Debug|Any CPU.Build.0 = Debug|Any CPU
		{CF1402ED-10A4-4647-A348-B09ECB9FBCE6}.Release|Any CPU.ActiveCfg = Release|Any CPU
		{CF1402ED-10A4-4647-A348-B09ECB9FBCE6}.Release|Any CPU.Build.0 = Release|Any CPU
	EndGlobalSection
	GlobalSection(SolutionProperties) = preSolution
		HideSolutionNode = FALSE
	EndGlobalSection
	GlobalSection(ExtensibilityGlobals) = postSolution
		SolutionGuid = {3B349DCF-D2BD-47F3-946A-6B4A0B03E064}
	EndGlobalSection
EndGlobal
